<?xml version="1.0" encoding="utf-8"?>
<Project ToolsVersion="4.0" xmlns="http://schemas.microsoft.com/developer/msbuild/2003">
  <ItemGroup>
    <Filter Include="source">
      <UniqueIdentifier>{5292a965-e5bf-48e1-a1ef-7e19bd063f89}</UniqueIdentifier>
      <Extensions>cpp;c;cxx;rc;def;r;odl;idl;hpj;bat</Extensions>
    </Filter>
    <Filter Include="source\PNG">
      <UniqueIdentifier>{d00c9d68-608d-4d58-8281-fcb0b9dec2b1}</UniqueIdentifier>
    </Filter>
    <Filter Include="source\PNG\libpng">
      <UniqueIdentifier>{4eb1cd09-da39-46bd-9811-4b7c3db840b2}</UniqueIdentifier>
    </Filter>
    <Filter Include="source\PNG\zlib">
      <UniqueIdentifier>{384e3818-0c18-4d9b-907c-d34dd966b39e}</UniqueIdentifier>
    </Filter>
    <Filter Include="source\Math">
      <UniqueIdentifier>{8891c5a6-9b44-4856-86c8-b17f73f2fb0b}</UniqueIdentifier>
    </Filter>
    <Filter Include="source\Shapes3D">
      <UniqueIdentifier>{ffb0277c-2fa6-4aab-a510-10b60e3d2a50}</UniqueIdentifier>
    </Filter>
    <Filter Include="source\Util">
      <UniqueIdentifier>{e72acbe5-7c7c-4fcf-8506-07c1ae6970c0}</UniqueIdentifier>
    </Filter>
    <Filter Include="source\SUI">
      <UniqueIdentifier>{a6184cca-867d-438a-abcf-aed6bac4d2dc}</UniqueIdentifier>
    </Filter>
  </ItemGroup>
  <ItemGroup>
    <ClCompile Include="source\CFileReader.cpp">
      <Filter>source</Filter>
    </ClCompile>
    <ClCompile Include="source\FLModel.cpp">
      <Filter>source</Filter>
    </ClCompile>
    <ClCompile Include="source\Floor.cpp">
      <Filter>source</Filter>
    </ClCompile>
    <ClCompile Include="source\ImageBuffer.cpp">
      <Filter>source</Filter>
    </ClCompile>
    <ClCompile Include="source\Input.cpp">
      <Filter>source</Filter>
    </ClCompile>
    <ClCompile Include="source\Looper.cpp">
      <Filter>source</Filter>
    </ClCompile>
    <ClCompile Include="source\main.cpp">
      <Filter>source</Filter>
    </ClCompile>
    <ClCompile Include="source\ModelsManager.cpp">
      <Filter>source</Filter>
    </ClCompile>
    <ClCompile Include="source\PNG\PNGReadWrite.cpp">
      <Filter>source\PNG</Filter>
    </ClCompile>
    <ClCompile Include="source\PNG\libpng\png.c">
      <Filter>source\PNG\libpng</Filter>
    </ClCompile>
    <ClCompile Include="source\PNG\libpng\pngerror.c">
      <Filter>source\PNG\libpng</Filter>
    </ClCompile>
    <ClCompile Include="source\PNG\libpng\pngget.c">
      <Filter>source\PNG\libpng</Filter>
    </ClCompile>
    <ClCompile Include="source\PNG\libpng\pngmem.c">
      <Filter>source\PNG\libpng</Filter>
    </ClCompile>
    <ClCompile Include="source\PNG\libpng\pngpread.c">
      <Filter>source\PNG\libpng</Filter>
    </ClCompile>
    <ClCompile Include="source\PNG\libpng\pngread.c">
      <Filter>source\PNG\libpng</Filter>
    </ClCompile>
    <ClCompile Include="source\PNG\libpng\pngrio.c">
      <Filter>source\PNG\libpng</Filter>
    </ClCompile>
    <ClCompile Include="source\PNG\libpng\pngrtran.c">
      <Filter>source\PNG\libpng</Filter>
    </ClCompile>
    <ClCompile Include="source\PNG\libpng\pngrutil.c">
      <Filter>source\PNG\libpng</Filter>
    </ClCompile>
    <ClCompile Include="source\PNG\libpng\pngset.c">
      <Filter>source\PNG\libpng</Filter>
    </ClCompile>
    <ClCompile Include="source\PNG\libpng\pngtest.c">
      <Filter>source\PNG\libpng</Filter>
    </ClCompile>
    <ClCompile Include="source\PNG\libpng\pngtrans.c">
      <Filter>source\PNG\libpng</Filter>
    </ClCompile>
    <ClCompile Include="source\PNG\libpng\pngwio.c">
      <Filter>source\PNG\libpng</Filter>
    </ClCompile>
    <ClCompile Include="source\PNG\libpng\pngwrite.c">
      <Filter>source\PNG\libpng</Filter>
    </ClCompile>
    <ClCompile Include="source\PNG\libpng\pngwtran.c">
      <Filter>source\PNG\libpng</Filter>
    </ClCompile>
    <ClCompile Include="source\PNG\libpng\pngwutil.c">
      <Filter>source\PNG\libpng</Filter>
    </ClCompile>
    <ClCompile Include="source\PNG\zlib\adler32.c">
      <Filter>source\PNG\zlib</Filter>
    </ClCompile>
    <ClCompile Include="source\PNG\zlib\compress.c">
      <Filter>source\PNG\zlib</Filter>
    </ClCompile>
    <ClCompile Include="source\PNG\zlib\crc32.c">
      <Filter>source\PNG\zlib</Filter>
    </ClCompile>
    <ClCompile Include="source\PNG\zlib\deflate.c">
      <Filter>source\PNG\zlib</Filter>
    </ClCompile>
    <ClCompile Include="source\PNG\zlib\gzclose.c">
      <Filter>source\PNG\zlib</Filter>
    </ClCompile>
    <ClCompile Include="source\PNG\zlib\gzlib.c">
      <Filter>source\PNG\zlib</Filter>
    </ClCompile>
    <ClCompile Include="source\PNG\zlib\gzread.c">
      <Filter>source\PNG\zlib</Filter>
    </ClCompile>
    <ClCompile Include="source\PNG\zlib\gzwrite.c">
      <Filter>source\PNG\zlib</Filter>
    </ClCompile>
    <ClCompile Include="source\PNG\zlib\infback.c">
      <Filter>source\PNG\zlib</Filter>
    </ClCompile>
    <ClCompile Include="source\PNG\zlib\inffast.c">
      <Filter>source\PNG\zlib</Filter>
    </ClCompile>
    <ClCompile Include="source\PNG\zlib\inflate.c">
      <Filter>source\PNG\zlib</Filter>
    </ClCompile>
    <ClCompile Include="source\PNG\zlib\inftrees.c">
      <Filter>source\PNG\zlib</Filter>
    </ClCompile>
    <ClCompile Include="source\PNG\zlib\minigzip.c">
      <Filter>source\PNG\zlib</Filter>
    </ClCompile>
    <ClCompile Include="source\PNG\zlib\trees.c">
      <Filter>source\PNG\zlib</Filter>
    </ClCompile>
    <ClCompile Include="source\PNG\zlib\uncompr.c">
      <Filter>source\PNG\zlib</Filter>
    </ClCompile>
    <ClCompile Include="source\PNG\zlib\zutil.c">
      <Filter>source\PNG\zlib</Filter>
    </ClCompile>
    <ClCompile Include="source\Math\GLMat.cpp">
      <Filter>source\Math</Filter>
    </ClCompile>
    <ClCompile Include="source\Math\TransformVertexBuf.cpp">
      <Filter>source\Math</Filter>
    </ClCompile>
    <ClCompile Include="source\Math\Vector3.cpp">
      <Filter>source\Math</Filter>
    </ClCompile>
    <ClCompile Include="source\Shapes3D\Box.cpp">
      <Filter>source\Shapes3D</Filter>
    </ClCompile>
    <ClCompile Include="source\Shapes3D\Cone.cpp">
      <Filter>source\Shapes3D</Filter>
    </ClCompile>
    <ClCompile Include="source\Shapes3D\Cylinder.cpp">
      <Filter>source\Shapes3D</Filter>
    </ClCompile>
    <ClCompile Include="source\Shapes3D\Shape.cpp">
      <Filter>source\Shapes3D</Filter>
    </ClCompile>
    <ClCompile Include="source\Shapes3D\Sphere.cpp">
      <Filter>source\Shapes3D</Filter>
    </ClCompile>
    <ClCompile Include="source\Util\GLUtil.cpp">
      <Filter>source\Util</Filter>
    </ClCompile>
    <ClCompile Include="source\Util\RandomColor.cpp">
      <Filter>source\Util</Filter>
    </ClCompile>
    <ClCompile Include="source\SUI\SUI.cpp">
      <Filter>source\SUI</Filter>
    </ClCompile>
    <ClCompile Include="source\SUI\SUIBatch.cpp">
      <Filter>source\SUI</Filter>
    </ClCompile>
    <ClCompile Include="source\SUI\SUIBox.cpp">
      <Filter>source\SUI</Filter>
    </ClCompile>
    <ClCompile Include="source\SUI\SUIButton.cpp">
      <Filter>source\SUI</Filter>
    </ClCompile>
    <ClCompile Include="source\SUI\SUICheckBox.cpp">
      <Filter>source\SUI</Filter>
    </ClCompile>
    <ClCompile Include="source\SUI\SUIChoice.cpp">
      <Filter>source\SUI</Filter>
    </ClCompile>
    <ClCompile Include="source\SUI\SUIComponent.cpp">
      <Filter>source\SUI</Filter>
    </ClCompile>
    <ClCompile Include="source\SUI\SUIFont.cpp">
      <Filter>source\SUI</Filter>
    </ClCompile>
    <ClCompile Include="source\SUI\SUIFrame.cpp">
      <Filter>source\SUI</Filter>
    </ClCompile>
    <ClCompile Include="source\SUI\SUIInput.cpp">
      <Filter>source\SUI</Filter>
    </ClCompile>
    <ClCompile Include="source\SUI\SUILabel.cpp">
      <Filter>source\SUI</Filter>
    </ClCompile>
    <ClCompile Include="source\SUI\SUIList.cpp">
      <Filter>source\SUI</Filter>
    </ClCompile>
    <ClCompile Include="source\SUI\SUIManager.cpp">
      <Filter>source\SUI</Filter>
    </ClCompile>
    <ClCompile Include="source\SUI\SUIRadioButton.cpp">
      <Filter>source\SUI</Filter>
    </ClCompile>
    <ClCompile Include="source\SUI\SUIRect.cpp">
      <Filter>source\SUI</Filter>
    </ClCompile>
    <ClCompile Include="source\SUI\SUIScroller.cpp">
      <Filter>source\SUI</Filter>
    </ClCompile>
    <ClCompile Include="source\SUI\SUISlider.cpp">
      <Filter>source\SUI</Filter>
    </ClCompile>
    <ClCompile Include="source\MainFrame.cpp">
      <Filter>source</Filter>
    </ClCompile>
    <ClCompile Include="source\ModelPropsFrame.cpp">
      <Filter>source</Filter>
    </ClCompile>
  </ItemGroup>
  <ItemGroup>
    <ClInclude Include="source\CFileReader.h">
      <Filter>source</Filter>
    </ClInclude>
    <ClInclude Include="source\FLModel.h">
      <Filter>source</Filter>
    </ClInclude>
    <ClInclude Include="source\Floor.h">
      <Filter>source</Filter>
    </ClInclude>
    <ClInclude Include="source\ImageBuffer.h">
      <Filter>source</Filter>
    </ClInclude>
    <ClInclude Include="source\Input.h">
      <Filter>source</Filter>
    </ClInclude>
    <ClInclude Include="source\Looper.h">
      <Filter>source</Filter>
    </ClInclude>
    <ClInclude Include="source\ModelsManager.h">
      <Filter>source</Filter>
    </ClInclude>
    <ClInclude Include="source\PNG\PNGReadWrite.h">
      <Filter>source\PNG</Filter>
    </ClInclude>
    <ClInclude Include="source\PNG\libpng\png.h">
      <Filter>source\PNG\libpng</Filter>
    </ClInclude>
    <ClInclude Include="source\PNG\libpng\pngconf.h">
      <Filter>source\PNG\libpng</Filter>
    </ClInclude>
    <ClInclude Include="source\PNG\libpng\pngpriv.h">
      <Filter>source\PNG\libpng</Filter>
    </ClInclude>
    <ClInclude Include="source\PNG\zlib\crc32.h">
      <Filter>source\PNG\zlib</Filter>
    </ClInclude>
    <ClInclude Include="source\PNG\zlib\deflate.h">
      <Filter>source\PNG\zlib</Filter>
    </ClInclude>
    <ClInclude Include="source\PNG\zlib\gzguts.h">
      <Filter>source\PNG\zlib</Filter>
    </ClInclude>
    <ClInclude Include="source\PNG\zlib\inffast.h">
      <Filter>source\PNG\zlib</Filter>
    </ClInclude>
    <ClInclude Include="source\PNG\zlib\inffixed.h">
      <Filter>source\PNG\zlib</Filter>
    </ClInclude>
    <ClInclude Include="source\PNG\zlib\inflate.h">
      <Filter>source\PNG\zlib</Filter>
    </ClInclude>
    <ClInclude Include="source\PNG\zlib\inftrees.h">
      <Filter>source\PNG\zlib</Filter>
    </ClInclude>
    <ClInclude Include="source\PNG\zlib\trees.h">
      <Filter>source\PNG\zlib</Filter>
    </ClInclude>
    <ClInclude Include="source\PNG\zlib\zconf.h">
      <Filter>source\PNG\zlib</Filter>
    </ClInclude>
    <ClInclude Include="source\PNG\zlib\zlib.h">
      <Filter>source\PNG\zlib</Filter>
    </ClInclude>
    <ClInclude Include="source\PNG\zlib\zutil.h">
      <Filter>source\PNG\zlib</Filter>
    </ClInclude>
    <ClInclude Include="source\Math\GLMat.h">
      <Filter>source\Math</Filter>
    </ClInclude>
    <ClInclude Include="source\Math\TransformVertexBuf.h">
      <Filter>source\Math</Filter>
    </ClInclude>
    <ClInclude Include="source\Math\Vector3.h">
      <Filter>source\Math</Filter>
    </ClInclude>
    <ClInclude Include="source\Shapes3D\Box.h">
      <Filter>source\Shapes3D</Filter>
    </ClInclude>
    <ClInclude Include="source\Shapes3D\Cone.h">
      <Filter>source\Shapes3D</Filter>
    </ClInclude>
    <ClInclude Include="source\Shapes3D\Cylinder.h">
      <Filter>source\Shapes3D</Filter>
    </ClInclude>
    <ClInclude Include="source\Shapes3D\Shape.h">
      <Filter>source\Shapes3D</Filter>
    </ClInclude>
    <ClInclude Include="source\Shapes3D\Sphere.h">
      <Filter>source\Shapes3D</Filter>
    </ClInclude>
    <ClInclude Include="source\Util\GLUtil.h">
      <Filter>source\Util</Filter>
    </ClInclude>
    <ClInclude Include="source\Util\RandomColor.h">
      <Filter>source\Util</Filter>
    </ClInclude>
    <ClInclude Include="source\SUI\SUI.h">
      <Filter>source\SUI</Filter>
    </ClInclude>
    <ClInclude Include="source\SUI\SUIActionEvent.h">
      <Filter>source\SUI</Filter>
    </ClInclude>
    <ClInclude Include="source\SUI\SUIActionListener.h">
      <Filter>source\SUI</Filter>
    </ClInclude>
    <ClInclude Include="source\SUI\SUIBatch.h">
      <Filter>source\SUI</Filter>
    </ClInclude>
    <ClInclude Include="source\SUI\SUIBox.h">
      <Filter>source\SUI</Filter>
    </ClInclude>
    <ClInclude Include="source\SUI\SUIButton.h">
      <Filter>source\SUI</Filter>
    </ClInclude>
    <ClInclude Include="source\SUI\SUICheckBox.h">
      <Filter>source\SUI</Filter>
    </ClInclude>
    <ClInclude Include="source\SUI\SUIChoice.h">
      <Filter>source\SUI</Filter>
    </ClInclude>
    <ClInclude Include="source\SUI\SUIComponent.h">
      <Filter>source\SUI</Filter>
    </ClInclude>
    <ClInclude Include="source\SUI\SUIEvents.h">
      <Filter>source\SUI</Filter>
    </ClInclude>
    <ClInclude Include="source\SUI\SUIFont.h">
      <Filter>source\SUI</Filter>
    </ClInclude>
    <ClInclude Include="source\SUI\SUIFrame.h">
      <Filter>source\SUI</Filter>
    </ClInclude>
    <ClInclude Include="source\SUI\SUIIncludes.h">
      <Filter>source\SUI</Filter>
    </ClInclude>
    <ClInclude Include="source\SUI\SUIInput.h">
      <Filter>source\SUI</Filter>
    </ClInclude>
    <ClInclude Include="source\SUI\SUILabel.h">
      <Filter>source\SUI</Filter>
    </ClInclude>
    <ClInclude Include="source\SUI\SUIList.h">
      <Filter>source\SUI</Filter>
    </ClInclude>
    <ClInclude Include="source\SUI\SUIManager.h">
      <Filter>source\SUI</Filter>
    </ClInclude>
    <ClInclude Include="source\SUI\SUIMouseEvent.h">
      <Filter>source\SUI</Filter>
    </ClInclude>
    <ClInclude Include="source\SUI\SUIMouseListener.h">
      <Filter>source\SUI</Filter>
    </ClInclude>
    <ClInclude Include="source\SUI\SUIRadioButton.h">
      <Filter>source\SUI</Filter>
    </ClInclude>
    <ClInclude Include="source\SUI\SUIRect.h">
      <Filter>source\SUI</Filter>
    </ClInclude>
    <ClInclude Include="source\SUI\SUIScroller.h">
      <Filter>source\SUI</Filter>
    </ClInclude>
    <ClInclude Include="source\SUI\SUISlider.h">
      <Filter>source\SUI</Filter>
    </ClInclude>
    <ClInclude Include="source\MainFrame.h">
      <Filter>source</Filter>
    </ClInclude>
    <ClInclude Include="source\ModelPropsFrame.h">
      <Filter>source</Filter>
    </ClInclude>
  </ItemGroup>
</Project>