<?xml version="1.0" encoding="utf-8"?>
<Project ToolsVersion="4.0" xmlns="http://schemas.microsoft.com/developer/msbuild/2003">
  <ItemGroup>
    <Filter Include="include">
      <UniqueIdentifier>{f589b432-76e6-4749-ad85-3de2036c3643}</UniqueIdentifier>
    </Filter>
    <Filter Include="source">
      <UniqueIdentifier>{7e69dafb-e873-4b07-8452-ea3344536276}</UniqueIdentifier>
    </Filter>
  </ItemGroup>
  <ItemGroup>
    <ClCompile Include="source\SUIBatch.cpp">
      <Filter>source</Filter>
    </ClCompile>
    <ClCompile Include="source\SUIBox.cpp">
      <Filter>source</Filter>
    </ClCompile>
    <ClCompile Include="source\SUIButton.cpp">
      <Filter>source</Filter>
    </ClCompile>
    <ClCompile Include="source\SUICheckBox.cpp">
      <Filter>source</Filter>
    </ClCompile>
    <ClCompile Include="source\SUIChoice.cpp">
      <Filter>source</Filter>
    </ClCompile>
    <ClCompile Include="source\SUIComponent.cpp">
      <Filter>source</Filter>
    </ClCompile>
    <ClCompile Include="source\SUIFont.cpp">
      <Filter>source</Filter>
    </ClCompile>
    <ClCompile Include="source\SUIFrame.cpp">
      <Filter>source</Filter>
    </ClCompile>
    <ClCompile Include="source\SUIInput.cpp">
      <Filter>source</Filter>
    </ClCompile>
    <ClCompile Include="source\SUILabel.cpp">
      <Filter>source</Filter>
    </ClCompile>
    <ClCompile Include="source\SUIList.cpp">
      <Filter>source</Filter>
    </ClCompile>
    <ClCompile Include="source\SUIManager.cpp">
      <Filter>source</Filter>
    </ClCompile>
    <ClCompile Include="source\SUIRadioButton.cpp">
      <Filter>source</Filter>
    </ClCompile>
    <ClCompile Include="source\SUIRect.cpp">
      <Filter>source</Filter>
    </ClCompile>
    <ClCompile Include="source\SUIScroller.cpp">
      <Filter>source</Filter>
    </ClCompile>
    <ClCompile Include="source\SUISlider.cpp">
      <Filter>source</Filter>
    </ClCompile>
    <ClCompile Include="source\SUILifeCycle.cpp">
      <Filter>source</Filter>
    </ClCompile>
  </ItemGroup>
  <ItemGroup>
    <ClInclude Include="include\SUIActionEvent.h">
      <Filter>include</Filter>
    </ClInclude>
    <ClInclude Include="include\SUIActionListener.h">
      <Filter>include</Filter>
    </ClInclude>
    <ClInclude Include="include\SUIBatch.h">
      <Filter>include</Filter>
    </ClInclude>
    <ClInclude Include="include\SUIBox.h">
      <Filter>include</Filter>
    </ClInclude>
    <ClInclude Include="include\SUIButton.h">
      <Filter>include</Filter>
    </ClInclude>
    <ClInclude Include="include\SUICheckBox.h">
      <Filter>include</Filter>
    </ClInclude>
    <ClInclude Include="include\SUIChoice.h">
      <Filter>include</Filter>
    </ClInclude>
    <ClInclude Include="include\SUIComponent.h">
      <Filter>include</Filter>
    </ClInclude>
    <ClInclude Include="include\SUIEvents.h">
      <Filter>include</Filter>
    </ClInclude>
    <ClInclude Include="include\SUIFont.h">
      <Filter>include</Filter>
    </ClInclude>
    <ClInclude Include="include\SUIFrame.h">
      <Filter>include</Filter>
    </ClInclude>
    <ClInclude Include="include\SUIIncludes.h">
      <Filter>include</Filter>
    </ClInclude>
    <ClInclude Include="include\SUIInput.h">
      <Filter>include</Filter>
    </ClInclude>
    <ClInclude Include="include\SUILabel.h">
      <Filter>include</Filter>
    </ClInclude>
    <ClInclude Include="include\SUIList.h">
      <Filter>include</Filter>
    </ClInclude>
    <ClInclude Include="include\SUIManager.h">
      <Filter>include</Filter>
    </ClInclude>
    <ClInclude Include="include\SUIMouseEvent.h">
      <Filter>include</Filter>
    </ClInclude>
    <ClInclude Include="include\SUIMouseListener.h">
      <Filter>include</Filter>
    </ClInclude>
    <ClInclude Include="include\SUIRadioButton.h">
      <Filter>include</Filter>
    </ClInclude>
    <ClInclude Include="include\SUIRect.h">
      <Filter>include</Filter>
    </ClInclude>
    <ClInclude Include="include\SUIScroller.h">
      <Filter>include</Filter>
    </ClInclude>
    <ClInclude Include="include\SUISlider.h">
      <Filter>include</Filter>
    </ClInclude>
    <ClInclude Include="include\SUILifeCycle.h">
      <Filter>include</Filter>
    </ClInclude>
  </ItemGroup>
</Project>