<?xml version="1.0" encoding="utf-8"?>
<Project ToolsVersion="4.0" xmlns="http://schemas.microsoft.com/developer/msbuild/2003">
  <ItemGroup>
    <Filter Include="Source Files">
      <UniqueIdentifier>{9d28a8ed-747c-4b22-8e6c-fd456fbce005}</UniqueIdentifier>
      <Extensions>cpp;c;cxx;rc;def;r;odl;idl;hpj;bat</Extensions>
    </Filter>
    <Filter Include="Source Files\Arrays">
      <UniqueIdentifier>{fd080682-bf03-4bd0-a30e-8170f3823c0a}</UniqueIdentifier>
    </Filter>
    <Filter Include="Source Files\Math">
      <UniqueIdentifier>{23c7d50c-6d2f-4974-b301-6e102f3912b7}</UniqueIdentifier>
    </Filter>
  </ItemGroup>
  <ItemGroup>
    <ClCompile Include="source\CFileReader.cpp">
      <Filter>Source Files</Filter>
    </ClCompile>
    <ClCompile Include="source\Looper.cpp">
      <Filter>Source Files</Filter>
    </ClCompile>
    <ClCompile Include="source\main.cpp">
      <Filter>Source Files</Filter>
    </ClCompile>
    <ClCompile Include="source\DefinesAndIncludes.cpp">
      <Filter>Source Files</Filter>
    </ClCompile>
    <ClCompile Include="source\UtilFuncs.cpp">
      <Filter>Source Files</Filter>
    </ClCompile>
    <ClCompile Include="source\Arrays\FloatArray.cpp">
      <Filter>Source Files\Arrays</Filter>
    </ClCompile>
    <ClCompile Include="source\Arrays\UIntArray.cpp">
      <Filter>Source Files\Arrays</Filter>
    </ClCompile>
    <ClCompile Include="source\Math\Vector3.cpp">
      <Filter>Source Files\Math</Filter>
    </ClCompile>
    <ClCompile Include="source\ObjToFLMNew.cpp">
      <Filter>Source Files</Filter>
    </ClCompile>
  </ItemGroup>
  <ItemGroup>
    <ClInclude Include="source\CFileReader.h">
      <Filter>Source Files</Filter>
    </ClInclude>
    <ClInclude Include="source\Looper.h">
      <Filter>Source Files</Filter>
    </ClInclude>
    <ClInclude Include="source\DefinesAndIncludes.h">
      <Filter>Source Files</Filter>
    </ClInclude>
    <ClInclude Include="source\UtilFuncs.h">
      <Filter>Source Files</Filter>
    </ClInclude>
    <ClInclude Include="source\Arrays\FloatArray.h">
      <Filter>Source Files\Arrays</Filter>
    </ClInclude>
    <ClInclude Include="source\Arrays\UIntArray.h">
      <Filter>Source Files\Arrays</Filter>
    </ClInclude>
    <ClInclude Include="source\Math\Vector3.h">
      <Filter>Source Files\Math</Filter>
    </ClInclude>
    <ClInclude Include="source\ObjToFLMNew.h">
      <Filter>Source Files</Filter>
    </ClInclude>
  </ItemGroup>
</Project>